
Microsoft Visual Studio Solution File, Format Version 12.00
# Visual Studio 15
VisualStudioVersion = 15.0.27130.2010
MinimumVisualStudioVersion = 15.0.26124.0
Project("{FAE04EC0-301F-11D3-BF4B-00C04F79EFBC}") = "Blockchain.Core", "Blockchain.Core\Blockchain.Core.csproj", "{EFC222B3-99F9-4FD4-B880-887C1F113CDE}"
EndProject
Project("{FAE04EC0-301F-11D3-BF4B-00C04F79EFBC}") = "Blockchain.Tests", "Blockchain.Tests\Blockchain.Tests.csproj", "{B98D0D05-F9F0-404A-B5C3-8CE3FCF0F4A0}"
EndProject
Global
	GlobalSection(SolutionConfigurationPlatforms) = preSolution
		Debug|Any CPU = Debug|Any CPU
		Debug|x64 = Debug|x64
		Debug|x86 = Debug|x86
		Release|Any CPU = Release|Any CPU
		Release|x64 = Release|x64
		Release|x86 = Release|x86
	EndGlobalSection
	GlobalSection(ProjectConfigurationPlatforms) = postSolution
		{EFC222B3-99F9-4FD4-B880-887C1F113CDE}.Debug|Any CPU.ActiveCfg = Debug|Any CPU
		{EFC222B3-99F9-4FD4-B880-887C1F113CDE}.Debug|Any CPU.Build.0 = Debug|Any CPU
		{EFC222B3-99F9-4FD4-B880-887C1F113CDE}.Debug|x64.ActiveCfg = Debug|Any CPU
		{EFC222B3-99F9-4FD4-B880-887C1F113CDE}.Debug|x64.Build.0 = Debug|Any CPU
		{EFC222B3-99F9-4FD4-B880-887C1F113CDE}.Debug|x86.ActiveCfg = Debug|Any CPU
		{EFC222B3-99F9-4FD4-B880-887C1F113CDE}.Debug|x86.Build.0 = Debug|Any CPU
		{EFC222B3-99F9-4FD4-B880-887C1F113CDE}.Release|Any CPU.ActiveCfg = Release|Any CPU
		{EFC222B3-99F9-4FD4-B880-887C1F113CDE}.Release|Any CPU.Build.0 = Release|Any CPU
		{EFC222B3-99F9-4FD4-B880-887C1F113CDE}.Release|x64.ActiveCfg = Release|Any CPU
		{EFC222B3-99F9-4FD4-B880-887C1F113CDE}.Release|x64.Build.0 = Release|Any CPU
		{EFC222B3-99F9-4FD4-B880-887C1F113CDE}.Release|x86.ActiveCfg = Release|Any CPU
		{EFC222B3-99F9-4FD4-B880-887C1F113CDE}.Release|x86.Build.0 = Release|Any CPU
		{B98D0D05-F9F0-404A-B5C3-8CE3FCF0F4A0}.Debug|Any CPU.ActiveCfg = Debug|Any CPU
		{B98D0D05-F9F0-404A-B5C3-8CE3FCF0F4A0}.Debug|Any CPU.Build.0 = Debug|Any CPU
		{B98D0D05-F9F0-404A-B5C3-8CE3FCF0F4A0}.Debug|x64.ActiveCfg = Debug|Any CPU
		{B98D0D05-F9F0-404A-B5C3-8CE3FCF0F4A0}.Debug|x64.Build.0 = Debug|Any CPU
		{B98D0D05-F9F0-404A-B5C3-8CE3FCF0F4A0}.Debug|x86.ActiveCfg = Debug|Any CPU
		{B98D0D05-F9F0-404A-B5C3-8CE3FCF0F4A0}.Debug|x86.Build.0 = Debug|Any CPU
		{B98D0D05-F9F0-404A-B5C3-8CE3FCF0F4A0}.Release|Any CPU.ActiveCfg = Release|Any CPU
		{B98D0D05-F9F0-404A-B5C3-8CE3FCF0F4A0}.Release|Any CPU.Build.0 = Release|Any CPU
		{B98D0D05-F9F0-404A-B5C3-8CE3FCF0F4A0}.Release|x64.ActiveCfg = Release|Any CPU
		{B98D0D05-F9F0-404A-B5C3-8CE3FCF0F4A0}.Release|x64.Build.0 = Release|Any CPU
		{B98D0D05-F9F0-404A-B5C3-8CE3FCF0F4A0}.Release|x86.ActiveCfg = Release|Any CPU
		{B98D0D05-F9F0-404A-B5C3-8CE3FCF0F4A0}.Release|x86.Build.0 = Release|Any CPU
	EndGlobalSection
	GlobalSection(SolutionProperties) = preSolution
		HideSolutionNode = FALSE
	EndGlobalSection
	GlobalSection(ExtensibilityGlobals) = postSolution
		SolutionGuid = {B51F31D4-8786-40CF-9A1C-513D36E89C38}
	EndGlobalSection
EndGlobal
